// !$*UTF8*$!
{
	archiveVersion = 1;
	classes = {
	};
	objectVersion = 56;
	objects = {

/* Begin PBXBuildFile section */
		F1000001 /* OrienteeringGameApp.swift in Sources */ = {isa = PBXBuildFile; fileRef = F2000001; };
		F1000002 /* ContentView.swift in Sources */ = {isa = PBXBuildFile; fileRef = F2000002; };
		F1000003 /* AppState.swift in Sources */ = {isa = PBXBuildFile; fileRef = F2000003; };
		F1000004 /* Hunt.swift in Sources */ = {isa = PBXBuildFile; fileRef = F2000004; };
		F1000005 /* Clue.swift in Sources */ = {isa = PBXBuildFile; fileRef = F2000005; };
		F1000006 /* HuntLocation.swift in Sources */ = {isa = PBXBuildFile; fileRef = F2000006; };
		F1000007 /* Player.swift in Sources */ = {isa = PBXBuildFile; fileRef = F2000007; };
		F1000008 /* PlayerProgress.swift in Sources */ = {isa = PBXBuildFile; fileRef = F2000008; };
		F1000009 /* HomeView.swift in Sources */ = {isa = PBXBuildFile; fileRef = F2000009; };
		F100000A /* HuntSelectionView.swift in Sources */ = {isa = PBXBuildFile; fileRef = F200000A; };
		F100000B /* ActiveHuntView.swift in Sources */ = {isa = PBXBuildFile; fileRef = F200000B; };
		F100000C /* HuntMapView.swift in Sources */ = {isa = PBXBuildFile; fileRef = F200000C; };
		F100000D /* CheckInView.swift in Sources */ = {isa = PBXBuildFile; fileRef = F200000D; };
		F100000E /* ProgressView.swift in Sources */ = {isa = PBXBuildFile; fileRef = F200000E; };
		F100000F /* HomeViewModel.swift in Sources */ = {isa = PBXBuildFile; fileRef = F200000F; };
		F1000010 /* HuntSelectionViewModel.swift in Sources */ = {isa = PBXBuildFile; fileRef = F2000010; };
		F1000011 /* ActiveHuntViewModel.swift in Sources */ = {isa = PBXBuildFile; fileRef = F2000011; };
		F1000012 /* HuntMapViewModel.swift in Sources */ = {isa = PBXBuildFile; fileRef = F2000012; };
		F1000013 /* CheckInViewModel.swift in Sources */ = {isa = PBXBuildFile; fileRef = F2000013; };
		F1000014 /* ProgressViewModel.swift in Sources */ = {isa = PBXBuildFile; fileRef = F2000014; };
		F1000015 /* MockDataService.swift in Sources */ = {isa = PBXBuildFile; fileRef = F2000015; };
		F1000016 /* LocationService.swift in Sources */ = {isa = PBXBuildFile; fileRef = F2000016; };
		F1000017 /* LaunchScreen.swift in Sources */ = {isa = PBXBuildFile; fileRef = F2000017; };
		F1000018 /* Assets.xcassets in Resources */ = {isa = PBXBuildFile; fileRef = F2000018; };
/* End PBXBuildFile section */

/* Begin PBXFileReference section */
		F2000000 /* OrienteeringGame.app */ = {isa = PBXFileReference; explicitFileType = wrapper.application; includeInIndex = 0; path = OrienteeringGame.app; sourceTree = BUILT_PRODUCTS_DIR; };
		F2000001 /* OrienteeringGameApp.swift */ = {isa = PBXFileReference; lastKnownFileType = sourcecode.swift; path = OrienteeringGameApp.swift; sourceTree = "<group>"; };
		F2000002 /* ContentView.swift */ = {isa = PBXFileReference; lastKnownFileType = sourcecode.swift; path = ContentView.swift; sourceTree = "<group>"; };
		F2000003 /* AppState.swift */ = {isa = PBXFileReference; lastKnownFileType = sourcecode.swift; path = AppState.swift; sourceTree = "<group>"; };
		F2000004 /* Hunt.swift */ = {isa = PBXFileReference; lastKnownFileType = sourcecode.swift; path = Hunt.swift; sourceTree = "<group>"; };
		F2000005 /* Clue.swift */ = {isa = PBXFileReference; lastKnownFileType = sourcecode.swift; path = Clue.swift; sourceTree = "<group>"; };
		F2000006 /* HuntLocation.swift */ = {isa = PBXFileReference; lastKnownFileType = sourcecode.swift; path = HuntLocation.swift; sourceTree = "<group>"; };
		F2000007 /* Player.swift */ = {isa = PBXFileReference; lastKnownFileType = sourcecode.swift; path = Player.swift; sourceTree = "<group>"; };
		F2000008 /* PlayerProgress.swift */ = {isa = PBXFileReference; lastKnownFileType = sourcecode.swift; path = PlayerProgress.swift; sourceTree = "<group>"; };
		F2000009 /* HomeView.swift */ = {isa = PBXFileReference; lastKnownFileType = sourcecode.swift; path = HomeView.swift; sourceTree = "<group>"; };
		F200000A /* HuntSelectionView.swift */ = {isa = PBXFileReference; lastKnownFileType = sourcecode.swift; path = HuntSelectionView.swift; sourceTree = "<group>"; };
		F200000B /* ActiveHuntView.swift */ = {isa = PBXFileReference; lastKnownFileType = sourcecode.swift; path = ActiveHuntView.swift; sourceTree = "<group>"; };
		F200000C /* HuntMapView.swift */ = {isa = PBXFileReference; lastKnownFileType = sourcecode.swift; path = HuntMapView.swift; sourceTree = "<group>"; };
		F200000D /* CheckInView.swift */ = {isa = PBXFileReference; lastKnownFileType = sourcecode.swift; path = CheckInView.swift; sourceTree = "<group>"; };
		F200000E /* ProgressView.swift */ = {isa = PBXFileReference; lastKnownFileType = sourcecode.swift; path = ProgressView.swift; sourceTree = "<group>"; };
		F200000F /* HomeViewModel.swift */ = {isa = PBXFileReference; lastKnownFileType = sourcecode.swift; path = HomeViewModel.swift; sourceTree = "<group>"; };
		F2000010 /* HuntSelectionViewModel.swift */ = {isa = PBXFileReference; lastKnownFileType = sourcecode.swift; path = HuntSelectionViewModel.swift; sourceTree = "<group>"; };
		F2000011 /* ActiveHuntViewModel.swift */ = {isa = PBXFileReference; lastKnownFileType = sourcecode.swift; path = ActiveHuntViewModel.swift; sourceTree = "<group>"; };
		F2000012 /* HuntMapViewModel.swift */ = {isa = PBXFileReference; lastKnownFileType = sourcecode.swift; path = HuntMapViewModel.swift; sourceTree = "<group>"; };
		F2000013 /* CheckInViewModel.swift */ = {isa = PBXFileReference; lastKnownFileType = sourcecode.swift; path = CheckInViewModel.swift; sourceTree = "<group>"; };
		F2000014 /* ProgressViewModel.swift */ = {isa = PBXFileReference; lastKnownFileType = sourcecode.swift; path = ProgressViewModel.swift; sourceTree = "<group>"; };
		F2000015 /* MockDataService.swift */ = {isa = PBXFileReference; lastKnownFileType = sourcecode.swift; path = MockDataService.swift; sourceTree = "<group>"; };
		F2000016 /* LocationService.swift */ = {isa = PBXFileReference; lastKnownFileType = sourcecode.swift; path = LocationService.swift; sourceTree = "<group>"; };
		F2000017 /* LaunchScreen.swift */ = {isa = PBXFileReference; lastKnownFileType = sourcecode.swift; path = LaunchScreen.swift; sourceTree = "<group>"; };
		F2000018 /* Assets.xcassets */ = {isa = PBXFileReference; lastKnownFileType = folder.assetcatalog; path = Assets.xcassets; sourceTree = "<group>"; };
/* End PBXFileReference section */

/* Begin PBXFrameworksBuildPhase section */
		F3000001 /* Frameworks */ = {
			isa = PBXFrameworksBuildPhase;
			buildActionMask = 2147483647;
			files = (
			);
			runOnlyForDeploymentPostprocessing = 0;
		};
/* End PBXFrameworksBuildPhase section */

/* Begin PBXGroup section */
		F4000001 = {
			isa = PBXGroup;
			children = (
				F4000002 /* OrienteeringGame */,
				F4000003 /* Products */,
			);
			sourceTree = "<group>";
		};
		F4000002 /* OrienteeringGame */ = {
			isa = PBXGroup;
			children = (
				F2000001 /* OrienteeringGameApp.swift */,
				F2000002 /* ContentView.swift */,
				F2000003 /* AppState.swift */,
				F4000004 /* Models */,
				F4000005 /* Views */,
				F4000006 /* ViewModels */,
				F4000007 /* Services */,
				F4000008 /* Resources */,
				F2000018 /* Assets.xcassets */,
			);
			path = OrienteeringGame;
			sourceTree = "<group>";
		};
		F4000003 /* Products */ = {
			isa = PBXGroup;
			children = (
				F2000000 /* OrienteeringGame.app */,
			);
			name = Products;
			sourceTree = "<group>";
		};
		F4000004 /* Models */ = {
			isa = PBXGroup;
			children = (
				F2000004 /* Hunt.swift */,
				F2000005 /* Clue.swift */,
				F2000006 /* HuntLocation.swift */,
				F2000007 /* Player.swift */,
				F2000008 /* PlayerProgress.swift */,
			);
			path = Models;
			sourceTree = "<group>";
		};
		F4000005 /* Views */ = {
			isa = PBXGroup;
			children = (
				F4000009 /* Home */,
				F400000A /* Hunt */,
				F400000B /* Map */,
				F400000C /* CheckIn */,
				F400000D /* Progress */,
			);
			path = Views;
			sourceTree = "<group>";
		};
		F4000006 /* ViewModels */ = {
			isa = PBXGroup;
			children = (
				F200000F /* HomeViewModel.swift */,
				F2000010 /* HuntSelectionViewModel.swift */,
				F2000011 /* ActiveHuntViewModel.swift */,
				F2000012 /* HuntMapViewModel.swift */,
				F2000013 /* CheckInViewModel.swift */,
				F2000014 /* ProgressViewModel.swift */,
			);
			path = ViewModels;
			sourceTree = "<group>";
		};
		F4000007 /* Services */ = {
			isa = PBXGroup;
			children = (
				F2000015 /* MockDataService.swift */,
				F2000016 /* LocationService.swift */,
			);
			path = Services;
			sourceTree = "<group>";
		};
		F4000008 /* Resources */ = {
			isa = PBXGroup;
			children = (
				F2000017 /* LaunchScreen.swift */,
			);
			path = Resources;
			sourceTree = "<group>";
		};
		F4000009 /* Home */ = {
			isa = PBXGroup;
			children = (
				F2000009 /* HomeView.swift */,
			);
			path = Home;
			sourceTree = "<group>";
		};
		F400000A /* Hunt */ = {
			isa = PBXGroup;
			children = (
				F200000A /* HuntSelectionView.swift */,
				F200000B /* ActiveHuntView.swift */,
			);
			path = Hunt;
			sourceTree = "<group>";
		};
		F400000B /* Map */ = {
			isa = PBXGroup;
			children = (
				F200000C /* HuntMapView.swift */,
			);
			path = Map;
			sourceTree = "<group>";
		};
		F400000C /* CheckIn */ = {
			isa = PBXGroup;
			children = (
				F200000D /* CheckInView.swift */,
			);
			path = CheckIn;
			sourceTree = "<group>";
		};
		F400000D /* Progress */ = {
			isa = PBXGroup;
			children = (
				F200000E /* ProgressView.swift */,
			);
			path = Progress;
			sourceTree = "<group>";
		};
/* End PBXGroup section */

/* Begin PBXNativeTarget section */
		F5000001 /* OrienteeringGame */ = {
			isa = PBXNativeTarget;
			buildConfigurationList = F7000001 /* Build configuration list for PBXNativeTarget "OrienteeringGame" */;
			buildPhases = (
				F6000001 /* Sources */,
				F3000001 /* Frameworks */,
				F6000002 /* Resources */,
			);
			buildRules = (
			);
			dependencies = (
			);
			name = OrienteeringGame;
			productName = OrienteeringGame;
			productReference = F2000000 /* OrienteeringGame.app */;
			productType = "com.apple.product-type.application";
		};
/* End PBXNativeTarget section */

/* Begin PBXProject section */
		F8000001 /* Project object */ = {
			isa = PBXProject;
			attributes = {
				BuildIndependentTargetsInParallel = 1;
				LastSwiftUpdateCheck = 1500;
				LastUpgradeCheck = 1500;
				TargetAttributes = {
					F5000001 = {
						CreatedOnToolsVersion = 15.0;
					};
				};
			};
			buildConfigurationList = F7000002 /* Build configuration list for PBXProject "OrienteeringGame" */;
			compatibilityVersion = "Xcode 14.0";
			developmentRegion = en;
			hasScannedForEncodings = 0;
			knownRegions = (
				en,
				Base,
			);
			mainGroup = F4000001;
			productRefGroup = F4000003 /* Products */;
			projectDirPath = "";
			projectRoot = "";
			targets = (
				F5000001 /* OrienteeringGame */,
			);
		};
/* End PBXProject section */

/* Begin PBXResourcesBuildPhase section */
		F6000002 /* Resources */ = {
			isa = PBXResourcesBuildPhase;
			buildActionMask = 2147483647;
			files = (
				F1000018 /* Assets.xcassets in Resources */,
			);
			runOnlyForDeploymentPostprocessing = 0;
		};
/* End PBXResourcesBuildPhase section */

/* Begin PBXSourcesBuildPhase section */
		F6000001 /* Sources */ = {
			isa = PBXSourcesBuildPhase;
			buildActionMask = 2147483647;
			files = (
				F1000001 /* OrienteeringGameApp.swift in Sources */,
				F1000002 /* ContentView.swift in Sources */,
				F1000003 /* AppState.swift in Sources */,
				F1000004 /* Hunt.swift in Sources */,
				F1000005 /* Clue.swift in Sources */,
				F1000006 /* HuntLocation.swift in Sources */,
				F1000007 /* Player.swift in Sources */,
				F1000008 /* PlayerProgress.swift in Sources */,
				F1000009 /* HomeView.swift in Sources */,
				F100000A /* HuntSelectionView.swift in Sources */,
				F100000B /* ActiveHuntView.swift in Sources */,
				F100000C /* HuntMapView.swift in Sources */,
				F100000D /* CheckInView.swift in Sources */,
				F100000E /* ProgressView.swift in Sources */,
				F100000F /* HomeViewModel.swift in Sources */,
				F1000010 /* HuntSelectionViewModel.swift in Sources */,
				F1000011 /* ActiveHuntViewModel.swift in Sources */,
				F1000012 /* HuntMapViewModel.swift in Sources */,
				F1000013 /* CheckInViewModel.swift in Sources */,
				F1000014 /* ProgressViewModel.swift in Sources */,
				F1000015 /* MockDataService.swift in Sources */,
				F1000016 /* LocationService.swift in Sources */,
				F1000017 /* LaunchScreen.swift in Sources */,
			);
			runOnlyForDeploymentPostprocessing = 0;
		};
/* End PBXSourcesBuildPhase section */

/* Begin XCBuildConfiguration section */
		F9000001 /* Debug */ = {
			isa = XCBuildConfiguration;
			buildSettings = {
				ALWAYS_SEARCH_USER_PATHS = NO;
				ASSETCATALOG_COMPILER_GENERATE_SWIFT_ASSET_SYMBOL_EXTENSIONS = YES;
				CLANG_ANALYZER_NONNULL = YES;
				CLANG_ANALYZER_NUMBER_OBJECT_CONVERSION = YES_AGGRESSIVE;
				CLANG_CXX_LANGUAGE_STANDARD = "gnu++20";
				CLANG_ENABLE_MODULES = YES;
				CLANG_ENABLE_OBJC_ARC = YES;
				CLANG_ENABLE_OBJC_WEAK = YES;
				CLANG_WARN_BLOCK_CAPTURE_AUTORELEASING = YES;
				CLANG_WARN_BOOL_CONVERSION = YES;
				CLANG_WARN_COMMA = YES;
				CLANG_WARN_CONSTANT_CONVERSION = YES;
				CLANG_WARN_DEPRECATED_OBJC_IMPLEMENTATIONS = YES;
				CLANG_WARN_DIRECT_OBJC_ISA_USAGE = YES_ERROR;
				CLANG_WARN_DOCUMENTATION_COMMENTS = YES;
				CLANG_WARN_EMPTY_BODY = YES;
				CLANG_WARN_ENUM_CONVERSION = YES;
				CLANG_WARN_INFINITE_RECURSION = YES;
				CLANG_WARN_INT_CONVERSION = YES;
				CLANG_WARN_NON_LITERAL_NULL_CONVERSION = YES;
				CLANG_WARN_OBJC_IMPLICIT_RETAIN_SELF = YES;
				CLANG_WARN_OBJC_LITERAL_CONVERSION = YES;
				CLANG_WARN_OBJC_ROOT_CLASS = YES_ERROR;
				CLANG_WARN_QUOTED_INCLUDE_IN_FRAMEWORK_HEADER = YES;
				CLANG_WARN_RANGE_LOOP_ANALYSIS = YES;
				CLANG_WARN_STRICT_PROTOTYPES = YES;
				CLANG_WARN_SUSPICIOUS_MOVE = YES;
				CLANG_WARN_UNGUARDED_AVAILABILITY = YES_AGGRESSIVE;
				CLANG_WARN_UNREACHABLE_CODE = YES;
				CLANG_WARN__DUPLICATE_METHOD_MATCH = YES;
				COPY_PHASE_STRIP = NO;
				DEBUG_INFORMATION_FORMAT = dwarf;
				ENABLE_STRICT_OBJC_MSGSEND = YES;
				ENABLE_TESTABILITY = YES;
				ENABLE_USER_SCRIPT_SANDBOXING = YES;
				GCC_C_LANGUAGE_STANDARD = gnu17;
				GCC_DYNAMIC_NO_PIC = NO;
				GCC_NO_COMMON_BLOCKS = YES;
				GCC_OPTIMIZATION_LEVEL = 0;
				GCC_PREPROCESSOR_DEFINITIONS = (
					"DEBUG=1",
					"$(inherited)",
				);
				GCC_WARN_64_TO_32_BIT_CONVERSION = YES;
				GCC_WARN_ABOUT_RETURN_TYPE = YES_ERROR;
				GCC_WARN_UNDECLARED_SELECTOR = YES;
				GCC_WARN_UNINITIALIZED_AUTOS = YES_AGGRESSIVE;
				GCC_WARN_UNUSED_FUNCTION = YES;
				GCC_WARN_UNUSED_VARIABLE = YES;
				IPHONEOS_DEPLOYMENT_TARGET = 16.0;
				LOCALIZATION_PREFERS_STRING_CATALOGS = YES;
				MTL_ENABLE_DEBUG_INFO = INCLUDE_SOURCE;
				MTL_FAST_MATH = YES;
				ONLY_ACTIVE_ARCH = YES;
				SDKROOT = iphoneos;
				SWIFT_ACTIVE_COMPILATION_CONDITIONS = "DEBUG $(inherited)";
				SWIFT_OPTIMIZATION_LEVEL = "-Onone";
			};
			name = Debug;
		};
		F9000002 /* Release */ = {
			isa = XCBuildConfiguration;
			buildSettings = {
				ALWAYS_SEARCH_USER_PATHS = NO;
				ASSETCATALOG_COMPILER_GENERATE_SWIFT_ASSET_SYMBOL_EXTENSIONS = YES;
				CLANG_ANALYZER_NONNULL = YES;
				CLANG_ANALYZER_NUMBER_OBJECT_CONVERSION = YES_AGGRESSIVE;
				CLANG_CXX_LANGUAGE_STANDARD = "gnu++20";
				CLANG_ENABLE_MODULES = YES;
				CLANG_ENABLE_OBJC_ARC = YES;
				CLANG_ENABLE_OBJC_WEAK = YES;
				CLANG_WARN_BLOCK_CAPTURE_AUTORELEASING = YES;
				CLANG_WARN_BOOL_CONVERSION = YES;
				CLANG_WARN_COMMA = YES;
				CLANG_WARN_CONSTANT_CONVERSION = YES;
				CLANG_WARN_DEPRECATED_OBJC_IMPLEMENTATIONS = YES;
				CLANG_WARN_DIRECT_OBJC_ISA_USAGE = YES_ERROR;
				CLANG_WARN_DOCUMENTATION_COMMENTS = YES;
				CLANG_WARN_EMPTY_BODY = YES;
				CLANG_WARN_ENUM_CONVERSION = YES;
				CLANG_WARN_INFINITE_RECURSION = YES;
				CLANG_WARN_INT_CONVERSION = YES;
				CLANG_WARN_NON_LITERAL_NULL_CONVERSION = YES;
				CLANG_WARN_OBJC_IMPLICIT_RETAIN_SELF = YES;
				CLANG_WARN_OBJC_LITERAL_CONVERSION = YES;
				CLANG_WARN_OBJC_ROOT_CLASS = YES_ERROR;
				CLANG_WARN_QUOTED_INCLUDE_IN_FRAMEWORK_HEADER = YES;
				CLANG_WARN_RANGE_LOOP_ANALYSIS = YES;
				CLANG_WARN_STRICT_PROTOTYPES = YES;
				CLANG_WARN_SUSPICIOUS_MOVE = YES;
				CLANG_WARN_UNGUARDED_AVAILABILITY = YES_AGGRESSIVE;
				CLANG_WARN_UNREACHABLE_CODE = YES;
				CLANG_WARN__DUPLICATE_METHOD_MATCH = YES;
				COPY_PHASE_STRIP = NO;
				DEBUG_INFORMATION_FORMAT = "dwarf-with-dsym";
				ENABLE_NS_ASSERTIONS = NO;
				ENABLE_STRICT_OBJC_MSGSEND = YES;
				ENABLE_USER_SCRIPT_SANDBOXING = YES;
				GCC_C_LANGUAGE_STANDARD = gnu17;
				GCC_NO_COMMON_BLOCKS = YES;
				GCC_WARN_64_TO_32_BIT_CONVERSION = YES;
				GCC_WARN_ABOUT_RETURN_TYPE = YES_ERROR;
				GCC_WARN_UNDECLARED_SELECTOR = YES;
				GCC_WARN_UNINITIALIZED_AUTOS = YES_AGGRESSIVE;
				GCC_WARN_UNUSED_FUNCTION = YES;
				GCC_WARN_UNUSED_VARIABLE = YES;
				IPHONEOS_DEPLOYMENT_TARGET = 16.0;
				LOCALIZATION_PREFERS_STRING_CATALOGS = YES;
				MTL_ENABLE_DEBUG_INFO = NO;
				MTL_FAST_MATH = YES;
				SDKROOT = iphoneos;
				SWIFT_COMPILATION_MODE = wholemodule;
				VALIDATE_PRODUCT = YES;
			};
			name = Release;
		};
		F9000003 /* Debug */ = {
			isa = XCBuildConfiguration;
			buildSettings = {
				ASSETCATALOG_COMPILER_APPICON_NAME = AppIcon;
				ASSETCATALOG_COMPILER_GLOBAL_ACCENT_COLOR_NAME = AccentColor;
				CODE_SIGN_STYLE = Automatic;
				CURRENT_PROJECT_VERSION = 1;
				DEVELOPMENT_TEAM = "";
				ENABLE_PREVIEWS = YES;
				GENERATE_INFOPLIST_FILE = YES;
				INFOPLIST_KEY_NSLocationWhenInUseUsageDescription = "This app needs your location to show nearby hunt locations and verify check-ins.";
				INFOPLIST_KEY_UIApplicationSceneManifest_Generation = YES;
				INFOPLIST_KEY_UIApplicationSupportsIndirectInputEvents = YES;
				INFOPLIST_KEY_UILaunchScreen_Generation = YES;
				INFOPLIST_KEY_UISupportedInterfaceOrientations_iPad = "UIInterfaceOrientationPortrait UIInterfaceOrientationPortraitUpsideDown UIInterfaceOrientationLandscapeLeft UIInterfaceOrientationLandscapeRight";
				INFOPLIST_KEY_UISupportedInterfaceOrientations_iPhone = "UIInterfaceOrientationPortrait UIInterfaceOrientationLandscapeLeft UIInterfaceOrientationLandscapeRight";
				LD_RUNPATH_SEARCH_PATHS = (
					"$(inherited)",
					"@executable_path/Frameworks",
				);
				MARKETING_VERSION = 1.0;
				PRODUCT_BUNDLE_IDENTIFIER = com.orienteering.game;
				PRODUCT_NAME = "$(TARGET_NAME)";
				SWIFT_EMIT_LOC_STRINGS = YES;
				SWIFT_VERSION = 5.0;
				TARGETED_DEVICE_FAMILY = "1,2";
			};
			name = Debug;
		};
		F9000004 /* Release */ = {
			isa = XCBuildConfiguration;
			buildSettings = {
				ASSETCATALOG_COMPILER_APPICON_NAME = AppIcon;
				ASSETCATALOG_COMPILER_GLOBAL_ACCENT_COLOR_NAME = AccentColor;
				CODE_SIGN_STYLE = Automatic;
				CURRENT_PROJECT_VERSION = 1;
				DEVELOPMENT_TEAM = "";
				ENABLE_PREVIEWS = YES;
				GENERATE_INFOPLIST_FILE = YES;
				INFOPLIST_KEY_NSLocationWhenInUseUsageDescription = "This app needs your location to show nearby hunt locations and verify check-ins.";
				INFOPLIST_KEY_UIApplicationSceneManifest_Generation = YES;
				INFOPLIST_KEY_UIApplicationSupportsIndirectInputEvents = YES;
				INFOPLIST_KEY_UILaunchScreen_Generation = YES;
				INFOPLIST_KEY_UISupportedInterfaceOrientations_iPad = "UIInterfaceOrientationPortrait UIInterfaceOrientationPortraitUpsideDown UIInterfaceOrientationLandscapeLeft UIInterfaceOrientationLandscapeRight";
				INFOPLIST_KEY_UISupportedInterfaceOrientations_iPhone = "UIInterfaceOrientationPortrait UIInterfaceOrientationLandscapeLeft UIInterfaceOrientationLandscapeRight";
				LD_RUNPATH_SEARCH_PATHS = (
					"$(inherited)",
					"@executable_path/Frameworks",
				);
				MARKETING_VERSION = 1.0;
				PRODUCT_BUNDLE_IDENTIFIER = com.orienteering.game;
				PRODUCT_NAME = "$(TARGET_NAME)";
				SWIFT_EMIT_LOC_STRINGS = YES;
				SWIFT_VERSION = 5.0;
				TARGETED_DEVICE_FAMILY = "1,2";
			};
			name = Release;
		};
/* End XCBuildConfiguration section */

/* Begin XCConfigurationList section */
		F7000001 /* Build configuration list for PBXNativeTarget "OrienteeringGame" */ = {
			isa = XCConfigurationList;
			buildConfigurations = (
				F9000003 /* Debug */,
				F9000004 /* Release */,
			);
			defaultConfigurationIsVisible = 0;
			defaultConfigurationName = Release;
		};
		F7000002 /* Build configuration list for PBXProject "OrienteeringGame" */ = {
			isa = XCConfigurationList;
			buildConfigurations = (
				F9000001 /* Debug */,
				F9000002 /* Release */,
			);
			defaultConfigurationIsVisible = 0;
			defaultConfigurationName = Release;
		};
/* End XCConfigurationList section */
	};
	rootObject = F8000001 /* Project object */;
}
