// !$*UTF8*$!
{
	archiveVersion = 1;
	classes = {
	};
	objectVersion = 56;
	objects = {

/* Begin PBXBuildFile section */
		A001 /* OrienteeringGameApp.swift in Sources */ = {isa = PBXBuildFile; fileRef = B001 /* OrienteeringGameApp.swift */; };
		A002 /* ContentView.swift in Sources */ = {isa = PBXBuildFile; fileRef = B002 /* ContentView.swift */; };
		A003 /* AppState.swift in Sources */ = {isa = PBXBuildFile; fileRef = B003 /* AppState.swift */; };
		A004 /* Hunt.swift in Sources */ = {isa = PBXBuildFile; fileRef = B004 /* Hunt.swift */; };
		A005 /* Clue.swift in Sources */ = {isa = PBXBuildFile; fileRef = B005 /* Clue.swift */; };
		A006 /* User.swift in Sources */ = {isa = PBXBuildFile; fileRef = B006 /* User.swift */; };
		A007 /* PlayerProgress.swift in Sources */ = {isa = PBXBuildFile; fileRef = B007 /* PlayerProgress.swift */; };
		A008 /* HuntLocation.swift in Sources */ = {isa = PBXBuildFile; fileRef = B008 /* HuntLocation.swift */; };
		A009 /* HomeView.swift in Sources */ = {isa = PBXBuildFile; fileRef = B009 /* HomeView.swift */; };
		A010 /* HuntSelectionView.swift in Sources */ = {isa = PBXBuildFile; fileRef = B010 /* HuntSelectionView.swift */; };
		A011 /* ActiveHuntView.swift in Sources */ = {isa = PBXBuildFile; fileRef = B011 /* ActiveHuntView.swift */; };
		A012 /* HuntMapView.swift in Sources */ = {isa = PBXBuildFile; fileRef = B012 /* HuntMapView.swift */; };
		A013 /* CheckInView.swift in Sources */ = {isa = PBXBuildFile; fileRef = B013 /* CheckInView.swift */; };
		A014 /* ProgressView.swift in Sources */ = {isa = PBXBuildFile; fileRef = B014 /* ProgressView.swift */; };
		A015 /* LoginView.swift in Sources */ = {isa = PBXBuildFile; fileRef = B015 /* LoginView.swift */; };
		A016 /* RegisterView.swift in Sources */ = {isa = PBXBuildFile; fileRef = B016 /* RegisterView.swift */; };
		A017 /* ProfileView.swift in Sources */ = {isa = PBXBuildFile; fileRef = B017 /* ProfileView.swift */; };
		A018 /* HomeViewModel.swift in Sources */ = {isa = PBXBuildFile; fileRef = B018 /* HomeViewModel.swift */; };
		A019 /* HuntSelectionViewModel.swift in Sources */ = {isa = PBXBuildFile; fileRef = B019 /* HuntSelectionViewModel.swift */; };
		A020 /* ActiveHuntViewModel.swift in Sources */ = {isa = PBXBuildFile; fileRef = B020 /* ActiveHuntViewModel.swift */; };
		A021 /* HuntMapViewModel.swift in Sources */ = {isa = PBXBuildFile; fileRef = B021 /* HuntMapViewModel.swift */; };
		A022 /* CheckInViewModel.swift in Sources */ = {isa = PBXBuildFile; fileRef = B022 /* CheckInViewModel.swift */; };
		A023 /* ProgressViewModel.swift in Sources */ = {isa = PBXBuildFile; fileRef = B023 /* ProgressViewModel.swift */; };
		A024 /* AuthViewModel.swift in Sources */ = {isa = PBXBuildFile; fileRef = B024 /* AuthViewModel.swift */; };
		A025 /* ProfileViewModel.swift in Sources */ = {isa = PBXBuildFile; fileRef = B025 /* ProfileViewModel.swift */; };
		A026 /* APIService.swift in Sources */ = {isa = PBXBuildFile; fileRef = B026 /* APIService.swift */; };
		A027 /* LocationService.swift in Sources */ = {isa = PBXBuildFile; fileRef = B027 /* LocationService.swift */; };
		A028 /* LaunchScreen.swift in Sources */ = {isa = PBXBuildFile; fileRef = B028 /* LaunchScreen.swift */; };
		A100 /* Assets.xcassets in Resources */ = {isa = PBXBuildFile; fileRef = B100 /* Assets.xcassets */; };
/* End PBXBuildFile section */

/* Begin PBXFileReference section */
		B001 /* OrienteeringGameApp.swift */ = {isa = PBXFileReference; lastKnownFileType = sourcecode.swift; path = OrienteeringGameApp.swift; sourceTree = "<group>"; };
		B002 /* ContentView.swift */ = {isa = PBXFileReference; lastKnownFileType = sourcecode.swift; path = ContentView.swift; sourceTree = "<group>"; };
		B003 /* AppState.swift */ = {isa = PBXFileReference; lastKnownFileType = sourcecode.swift; path = AppState.swift; sourceTree = "<group>"; };
		B004 /* Hunt.swift */ = {isa = PBXFileReference; lastKnownFileType = sourcecode.swift; path = Hunt.swift; sourceTree = "<group>"; };
		B005 /* Clue.swift */ = {isa = PBXFileReference; lastKnownFileType = sourcecode.swift; path = Clue.swift; sourceTree = "<group>"; };
		B006 /* User.swift */ = {isa = PBXFileReference; lastKnownFileType = sourcecode.swift; path = User.swift; sourceTree = "<group>"; };
		B007 /* PlayerProgress.swift */ = {isa = PBXFileReference; lastKnownFileType = sourcecode.swift; path = PlayerProgress.swift; sourceTree = "<group>"; };
		B008 /* HuntLocation.swift */ = {isa = PBXFileReference; lastKnownFileType = sourcecode.swift; path = HuntLocation.swift; sourceTree = "<group>"; };
		B009 /* HomeView.swift */ = {isa = PBXFileReference; lastKnownFileType = sourcecode.swift; path = HomeView.swift; sourceTree = "<group>"; };
		B010 /* HuntSelectionView.swift */ = {isa = PBXFileReference; lastKnownFileType = sourcecode.swift; path = HuntSelectionView.swift; sourceTree = "<group>"; };
		B011 /* ActiveHuntView.swift */ = {isa = PBXFileReference; lastKnownFileType = sourcecode.swift; path = ActiveHuntView.swift; sourceTree = "<group>"; };
		B012 /* HuntMapView.swift */ = {isa = PBXFileReference; lastKnownFileType = sourcecode.swift; path = HuntMapView.swift; sourceTree = "<group>"; };
		B013 /* CheckInView.swift */ = {isa = PBXFileReference; lastKnownFileType = sourcecode.swift; path = CheckInView.swift; sourceTree = "<group>"; };
		B014 /* ProgressView.swift */ = {isa = PBXFileReference; lastKnownFileType = sourcecode.swift; path = ProgressView.swift; sourceTree = "<group>"; };
		B015 /* LoginView.swift */ = {isa = PBXFileReference; lastKnownFileType = sourcecode.swift; path = LoginView.swift; sourceTree = "<group>"; };
		B016 /* RegisterView.swift */ = {isa = PBXFileReference; lastKnownFileType = sourcecode.swift; path = RegisterView.swift; sourceTree = "<group>"; };
		B017 /* ProfileView.swift */ = {isa = PBXFileReference; lastKnownFileType = sourcecode.swift; path = ProfileView.swift; sourceTree = "<group>"; };
		B018 /* HomeViewModel.swift */ = {isa = PBXFileReference; lastKnownFileType = sourcecode.swift; path = HomeViewModel.swift; sourceTree = "<group>"; };
		B019 /* HuntSelectionViewModel.swift */ = {isa = PBXFileReference; lastKnownFileType = sourcecode.swift; path = HuntSelectionViewModel.swift; sourceTree = "<group>"; };
		B020 /* ActiveHuntViewModel.swift */ = {isa = PBXFileReference; lastKnownFileType = sourcecode.swift; path = ActiveHuntViewModel.swift; sourceTree = "<group>"; };
		B021 /* HuntMapViewModel.swift */ = {isa = PBXFileReference; lastKnownFileType = sourcecode.swift; path = HuntMapViewModel.swift; sourceTree = "<group>"; };
		B022 /* CheckInViewModel.swift */ = {isa = PBXFileReference; lastKnownFileType = sourcecode.swift; path = CheckInViewModel.swift; sourceTree = "<group>"; };
		B023 /* ProgressViewModel.swift */ = {isa = PBXFileReference; lastKnownFileType = sourcecode.swift; path = ProgressViewModel.swift; sourceTree = "<group>"; };
		B024 /* AuthViewModel.swift */ = {isa = PBXFileReference; lastKnownFileType = sourcecode.swift; path = AuthViewModel.swift; sourceTree = "<group>"; };
		B025 /* ProfileViewModel.swift */ = {isa = PBXFileReference; lastKnownFileType = sourcecode.swift; path = ProfileViewModel.swift; sourceTree = "<group>"; };
		B026 /* APIService.swift */ = {isa = PBXFileReference; lastKnownFileType = sourcecode.swift; path = APIService.swift; sourceTree = "<group>"; };
		B027 /* LocationService.swift */ = {isa = PBXFileReference; lastKnownFileType = sourcecode.swift; path = LocationService.swift; sourceTree = "<group>"; };
		B028 /* LaunchScreen.swift */ = {isa = PBXFileReference; lastKnownFileType = sourcecode.swift; path = LaunchScreen.swift; sourceTree = "<group>"; };
		B100 /* Assets.xcassets */ = {isa = PBXFileReference; lastKnownFileType = folder.assetcatalog; path = Assets.xcassets; sourceTree = "<group>"; };
		C001 /* OrienteeringGame.app */ = {isa = PBXFileReference; explicitFileType = wrapper.application; includeInIndex = 0; path = OrienteeringGame.app; sourceTree = BUILT_PRODUCTS_DIR; };
/* End PBXFileReference section */

/* Begin PBXFrameworksBuildPhase section */
		D001 /* Frameworks */ = {
			isa = PBXFrameworksBuildPhase;
			buildActionMask = 2147483647;
			files = (
			);
			runOnlyForDeploymentPostprocessing = 0;
		};
/* End PBXFrameworksBuildPhase section */

/* Begin PBXGroup section */
		E001 = {
			isa = PBXGroup;
			children = (
				E002 /* OrienteeringGame */,
				E003 /* Products */,
			);
			sourceTree = "<group>";
		};
		E002 /* OrienteeringGame */ = {
			isa = PBXGroup;
			children = (
				B001 /* OrienteeringGameApp.swift */,
				B002 /* ContentView.swift */,
				B003 /* AppState.swift */,
				E004 /* Models */,
				E005 /* Views */,
				E006 /* ViewModels */,
				E007 /* Services */,
				E008 /* Resources */,
				B100 /* Assets.xcassets */,
			);
			path = OrienteeringGame;
			sourceTree = "<group>";
		};
		E003 /* Products */ = {
			isa = PBXGroup;
			children = (
				C001 /* OrienteeringGame.app */,
			);
			name = Products;
			sourceTree = "<group>";
		};
		E004 /* Models */ = {
			isa = PBXGroup;
			children = (
				B004 /* Hunt.swift */,
				B005 /* Clue.swift */,
				B006 /* User.swift */,
				B007 /* PlayerProgress.swift */,
				B008 /* HuntLocation.swift */,
			);
			path = Models;
			sourceTree = "<group>";
		};
		E005 /* Views */ = {
			isa = PBXGroup;
			children = (
				E009 /* Home */,
				E010 /* Hunt */,
				E011 /* Map */,
				E012 /* CheckIn */,
				E013 /* Progress */,
				E014 /* Auth */,
				E015 /* Profile */,
			);
			path = Views;
			sourceTree = "<group>";
		};
		E006 /* ViewModels */ = {
			isa = PBXGroup;
			children = (
				B018 /* HomeViewModel.swift */,
				B019 /* HuntSelectionViewModel.swift */,
				B020 /* ActiveHuntViewModel.swift */,
				B021 /* HuntMapViewModel.swift */,
				B022 /* CheckInViewModel.swift */,
				B023 /* ProgressViewModel.swift */,
				B024 /* AuthViewModel.swift */,
				B025 /* ProfileViewModel.swift */,
			);
			path = ViewModels;
			sourceTree = "<group>";
		};
		E007 /* Services */ = {
			isa = PBXGroup;
			children = (
				B026 /* APIService.swift */,
				B027 /* LocationService.swift */,
			);
			path = Services;
			sourceTree = "<group>";
		};
		E008 /* Resources */ = {
			isa = PBXGroup;
			children = (
				B028 /* LaunchScreen.swift */,
			);
			path = Resources;
			sourceTree = "<group>";
		};
		E009 /* Home */ = {
			isa = PBXGroup;
			children = (
				B009 /* HomeView.swift */,
			);
			path = Home;
			sourceTree = "<group>";
		};
		E010 /* Hunt */ = {
			isa = PBXGroup;
			children = (
				B010 /* HuntSelectionView.swift */,
				B011 /* ActiveHuntView.swift */,
			);
			path = Hunt;
			sourceTree = "<group>";
		};
		E011 /* Map */ = {
			isa = PBXGroup;
			children = (
				B012 /* HuntMapView.swift */,
			);
			path = Map;
			sourceTree = "<group>";
		};
		E012 /* CheckIn */ = {
			isa = PBXGroup;
			children = (
				B013 /* CheckInView.swift */,
			);
			path = CheckIn;
			sourceTree = "<group>";
		};
		E013 /* Progress */ = {
			isa = PBXGroup;
			children = (
				B014 /* ProgressView.swift */,
			);
			path = Progress;
			sourceTree = "<group>";
		};
		E014 /* Auth */ = {
			isa = PBXGroup;
			children = (
				B015 /* LoginView.swift */,
				B016 /* RegisterView.swift */,
			);
			path = Auth;
			sourceTree = "<group>";
		};
		E015 /* Profile */ = {
			isa = PBXGroup;
			children = (
				B017 /* ProfileView.swift */,
			);
			path = Profile;
			sourceTree = "<group>";
		};
/* End PBXGroup section */

/* Begin PBXNativeTarget section */
		F001 /* OrienteeringGame */ = {
			isa = PBXNativeTarget;
			buildConfigurationList = G001 /* Build configuration list for PBXNativeTarget "OrienteeringGame" */;
			buildPhases = (
				F002 /* Sources */,
				F003 /* Resources */,
				D001 /* Frameworks */,
			);
			buildRules = (
			);
			dependencies = (
			);
			name = OrienteeringGame;
			productName = OrienteeringGame;
			productReference = C001 /* OrienteeringGame.app */;
			productType = "com.apple.product-type.application";
		};
/* End PBXNativeTarget section */

/* Begin PBXProject section */
		H001 /* Project object */ = {
			isa = PBXProject;
			attributes = {
				BuildIndependentTargetsInParallel = 1;
				LastSwiftUpdateCheck = 1500;
				LastUpgradeCheck = 1500;
				TargetAttributes = {
					F001 = {
						CreatedOnToolsVersion = 15.0;
					};
				};
			};
			buildConfigurationList = H002 /* Build configuration list for PBXProject "OrienteeringGame" */;
			compatibilityVersion = "Xcode 14.0";
			developmentRegion = en;
			hasScannedForEncodings = 0;
			knownRegions = (
				en,
				Base,
			);
			mainGroup = E001;
			productRefGroup = E003 /* Products */;
			projectDirPath = "";
			projectRoot = "";
			targets = (
				F001 /* OrienteeringGame */,
			);
		};
/* End PBXProject section */

/* Begin PBXResourcesBuildPhase section */
		F003 /* Resources */ = {
			isa = PBXResourcesBuildPhase;
			buildActionMask = 2147483647;
			files = (
				A100 /* Assets.xcassets in Resources */,
			);
			runOnlyForDeploymentPostprocessing = 0;
		};
/* End PBXResourcesBuildPhase section */

/* Begin PBXSourcesBuildPhase section */
		F002 /* Sources */ = {
			isa = PBXSourcesBuildPhase;
			buildActionMask = 2147483647;
			files = (
				A001 /* OrienteeringGameApp.swift in Sources */,
				A002 /* ContentView.swift in Sources */,
				A003 /* AppState.swift in Sources */,
				A004 /* Hunt.swift in Sources */,
				A005 /* Clue.swift in Sources */,
				A006 /* User.swift in Sources */,
				A007 /* PlayerProgress.swift in Sources */,
				A008 /* HuntLocation.swift in Sources */,
				A009 /* HomeView.swift in Sources */,
				A010 /* HuntSelectionView.swift in Sources */,
				A011 /* ActiveHuntView.swift in Sources */,
				A012 /* HuntMapView.swift in Sources */,
				A013 /* CheckInView.swift in Sources */,
				A014 /* ProgressView.swift in Sources */,
				A015 /* LoginView.swift in Sources */,
				A016 /* RegisterView.swift in Sources */,
				A017 /* ProfileView.swift in Sources */,
				A018 /* HomeViewModel.swift in Sources */,
				A019 /* HuntSelectionViewModel.swift in Sources */,
				A020 /* ActiveHuntViewModel.swift in Sources */,
				A021 /* HuntMapViewModel.swift in Sources */,
				A022 /* CheckInViewModel.swift in Sources */,
				A023 /* ProgressViewModel.swift in Sources */,
				A024 /* AuthViewModel.swift in Sources */,
				A025 /* ProfileViewModel.swift in Sources */,
				A026 /* APIService.swift in Sources */,
				A027 /* LocationService.swift in Sources */,
				A028 /* LaunchScreen.swift in Sources */,
			);
			runOnlyForDeploymentPostprocessing = 0;
		};
/* End PBXSourcesBuildPhase section */

/* Begin XCBuildConfiguration section */
		I001 /* Debug */ = {
			isa = XCBuildConfiguration;
			buildSettings = {
				ALWAYS_SEARCH_USER_PATHS = NO;
				ASSETCATALOG_COMPILER_GENERATE_SWIFT_ASSET_SYMBOL_EXTENSIONS = YES;
				CLANG_ANALYZER_NONNULL = YES;
				CLANG_ANALYZER_NUMBER_OBJECT_CONVERSION = YES_AGGRESSIVE;
				CLANG_CXX_LANGUAGE_STANDARD = "gnu++20";
				CLANG_ENABLE_MODULES = YES;
				CLANG_ENABLE_OBJC_ARC = YES;
				CLANG_ENABLE_OBJC_WEAK = YES;
				CLANG_WARN_BLOCK_CAPTURE_AUTORELEASING = YES;
				CLANG_WARN_BOOL_CONVERSION = YES;
				CLANG_WARN_COMMA = YES;
				CLANG_WARN_CONSTANT_CONVERSION = YES;
				CLANG_WARN_DEPRECATED_OBJC_IMPLEMENTATIONS = YES;
				CLANG_WARN_DIRECT_OBJC_ISA_USAGE = YES_ERROR;
				CLANG_WARN_DOCUMENTATION_COMMENTS = YES;
				CLANG_WARN_EMPTY_BODY = YES;
				CLANG_WARN_ENUM_CONVERSION = YES;
				CLANG_WARN_INFINITE_RECURSION = YES;
				CLANG_WARN_INT_CONVERSION = YES;
				CLANG_WARN_NON_LITERAL_NULL_CONVERSION = YES;
				CLANG_WARN_OBJC_IMPLICIT_RETAIN_SELF = YES;
				CLANG_WARN_OBJC_LITERAL_CONVERSION = YES;
				CLANG_WARN_OBJC_ROOT_CLASS = YES_ERROR;
				CLANG_WARN_QUOTED_INCLUDE_IN_FRAMEWORK_HEADER = YES;
				CLANG_WARN_RANGE_LOOP_ANALYSIS = YES;
				CLANG_WARN_STRICT_PROTOTYPES = YES;
				CLANG_WARN_SUSPICIOUS_MOVE = YES;
				CLANG_WARN_UNGUARDED_AVAILABILITY = YES_AGGRESSIVE;
				CLANG_WARN_UNREACHABLE_CODE = YES;
				CLANG_WARN__DUPLICATE_METHOD_MATCH = YES;
				COPY_PHASE_STRIP = NO;
				DEBUG_INFORMATION_FORMAT = dwarf;
				ENABLE_STRICT_OBJC_MSGSEND = YES;
				ENABLE_TESTABILITY = YES;
				ENABLE_USER_SCRIPT_SANDBOXING = YES;
				GCC_C_LANGUAGE_STANDARD = gnu17;
				GCC_DYNAMIC_NO_PIC = NO;
				GCC_NO_COMMON_BLOCKS = YES;
				GCC_OPTIMIZATION_LEVEL = 0;
				GCC_PREPROCESSOR_DEFINITIONS = (
					"DEBUG=1",
					"$(inherited)",
				);
				GCC_WARN_64_TO_32_BIT_CONVERSION = YES;
				GCC_WARN_ABOUT_RETURN_TYPE = YES_ERROR;
				GCC_WARN_UNDECLARED_SELECTOR = YES;
				GCC_WARN_UNINITIALIZED_AUTOS = YES_AGGRESSIVE;
				GCC_WARN_UNUSED_FUNCTION = YES;
				GCC_WARN_UNUSED_VARIABLE = YES;
				IPHONEOS_DEPLOYMENT_TARGET = 16.0;
				LOCALIZATION_PREFERS_STRING_CATALOGS = YES;
				MTL_ENABLE_DEBUG_INFO = INCLUDE_SOURCE;
				MTL_FAST_MATH = YES;
				ONLY_ACTIVE_ARCH = YES;
				SDKROOT = iphoneos;
				SWIFT_ACTIVE_COMPILATION_CONDITIONS = "DEBUG $(inherited)";
				SWIFT_OPTIMIZATION_LEVEL = "-Onone";
			};
			name = Debug;
		};
		I002 /* Release */ = {
			isa = XCBuildConfiguration;
			buildSettings = {
				ALWAYS_SEARCH_USER_PATHS = NO;
				ASSETCATALOG_COMPILER_GENERATE_SWIFT_ASSET_SYMBOL_EXTENSIONS = YES;
				CLANG_ANALYZER_NONNULL = YES;
				CLANG_ANALYZER_NUMBER_OBJECT_CONVERSION = YES_AGGRESSIVE;
				CLANG_CXX_LANGUAGE_STANDARD = "gnu++20";
				CLANG_ENABLE_MODULES = YES;
				CLANG_ENABLE_OBJC_ARC = YES;
				CLANG_ENABLE_OBJC_WEAK = YES;
				CLANG_WARN_BLOCK_CAPTURE_AUTORELEASING = YES;
				CLANG_WARN_BOOL_CONVERSION = YES;
				CLANG_WARN_COMMA = YES;
				CLANG_WARN_CONSTANT_CONVERSION = YES;
				CLANG_WARN_DEPRECATED_OBJC_IMPLEMENTATIONS = YES;
				CLANG_WARN_DIRECT_OBJC_ISA_USAGE = YES_ERROR;
				CLANG_WARN_DOCUMENTATION_COMMENTS = YES;
				CLANG_WARN_EMPTY_BODY = YES;
				CLANG_WARN_ENUM_CONVERSION = YES;
				CLANG_WARN_INFINITE_RECURSION = YES;
				CLANG_WARN_INT_CONVERSION = YES;
				CLANG_WARN_NON_LITERAL_NULL_CONVERSION = YES;
				CLANG_WARN_OBJC_IMPLICIT_RETAIN_SELF = YES;
				CLANG_WARN_OBJC_LITERAL_CONVERSION = YES;
				CLANG_WARN_OBJC_ROOT_CLASS = YES_ERROR;
				CLANG_WARN_QUOTED_INCLUDE_IN_FRAMEWORK_HEADER = YES;
				CLANG_WARN_RANGE_LOOP_ANALYSIS = YES;
				CLANG_WARN_STRICT_PROTOTYPES = YES;
				CLANG_WARN_SUSPICIOUS_MOVE = YES;
				CLANG_WARN_UNGUARDED_AVAILABILITY = YES_AGGRESSIVE;
				CLANG_WARN_UNREACHABLE_CODE = YES;
				CLANG_WARN__DUPLICATE_METHOD_MATCH = YES;
				COPY_PHASE_STRIP = NO;
				DEBUG_INFORMATION_FORMAT = "dwarf-with-dsym";
				ENABLE_NS_ASSERTIONS = NO;
				ENABLE_STRICT_OBJC_MSGSEND = YES;
				ENABLE_USER_SCRIPT_SANDBOXING = YES;
				GCC_C_LANGUAGE_STANDARD = gnu17;
				GCC_NO_COMMON_BLOCKS = YES;
				GCC_WARN_64_TO_32_BIT_CONVERSION = YES;
				GCC_WARN_ABOUT_RETURN_TYPE = YES_ERROR;
				GCC_WARN_UNDECLARED_SELECTOR = YES;
				GCC_WARN_UNINITIALIZED_AUTOS = YES_AGGRESSIVE;
				GCC_WARN_UNUSED_FUNCTION = YES;
				GCC_WARN_UNUSED_VARIABLE = YES;
				IPHONEOS_DEPLOYMENT_TARGET = 16.0;
				LOCALIZATION_PREFERS_STRING_CATALOGS = YES;
				MTL_ENABLE_DEBUG_INFO = NO;
				MTL_FAST_MATH = YES;
				SDKROOT = iphoneos;
				SWIFT_COMPILATION_MODE = wholemodule;
				VALIDATE_PRODUCT = YES;
			};
			name = Release;
		};
		I003 /* Debug */ = {
			isa = XCBuildConfiguration;
			buildSettings = {
				ASSETCATALOG_COMPILER_APPICON_NAME = AppIcon;
				ASSETCATALOG_COMPILER_GLOBAL_ACCENT_COLOR_NAME = AccentColor;
				CODE_SIGN_STYLE = Automatic;
				CURRENT_PROJECT_VERSION = 1;
				DEVELOPMENT_TEAM = "";
				ENABLE_PREVIEWS = YES;
				GENERATE_INFOPLIST_FILE = YES;
				INFOPLIST_KEY_NSLocationWhenInUseUsageDescription = "We need your location to verify check-ins at hunt locations.";
				INFOPLIST_KEY_UIApplicationSceneManifest_Generation = YES;
				INFOPLIST_KEY_UIApplicationSupportsIndirectInputEvents = YES;
				INFOPLIST_KEY_UILaunchScreen_Generation = YES;
				INFOPLIST_KEY_UISupportedInterfaceOrientations_iPad = "UIInterfaceOrientationPortrait UIInterfaceOrientationPortraitUpsideDown UIInterfaceOrientationLandscapeLeft UIInterfaceOrientationLandscapeRight";
				INFOPLIST_KEY_UISupportedInterfaceOrientations_iPhone = "UIInterfaceOrientationPortrait UIInterfaceOrientationLandscapeLeft UIInterfaceOrientationLandscapeRight";
				LD_RUNPATH_SEARCH_PATHS = (
					"$(inherited)",
					"@executable_path/Frameworks",
				);
				MARKETING_VERSION = 1.0;
				PRODUCT_BUNDLE_IDENTIFIER = com.orienteering.game;
				PRODUCT_NAME = "$(TARGET_NAME)";
				SWIFT_EMIT_LOC_STRINGS = YES;
				SWIFT_VERSION = 5.0;
				TARGETED_DEVICE_FAMILY = "1,2";
			};
			name = Debug;
		};
		I004 /* Release */ = {
			isa = XCBuildConfiguration;
			buildSettings = {
				ASSETCATALOG_COMPILER_APPICON_NAME = AppIcon;
				ASSETCATALOG_COMPILER_GLOBAL_ACCENT_COLOR_NAME = AccentColor;
				CODE_SIGN_STYLE = Automatic;
				CURRENT_PROJECT_VERSION = 1;
				DEVELOPMENT_TEAM = "";
				ENABLE_PREVIEWS = YES;
				GENERATE_INFOPLIST_FILE = YES;
				INFOPLIST_KEY_NSLocationWhenInUseUsageDescription = "We need your location to verify check-ins at hunt locations.";
				INFOPLIST_KEY_UIApplicationSceneManifest_Generation = YES;
				INFOPLIST_KEY_UIApplicationSupportsIndirectInputEvents = YES;
				INFOPLIST_KEY_UILaunchScreen_Generation = YES;
				INFOPLIST_KEY_UISupportedInterfaceOrientations_iPad = "UIInterfaceOrientationPortrait UIInterfaceOrientationPortraitUpsideDown UIInterfaceOrientationLandscapeLeft UIInterfaceOrientationLandscapeRight";
				INFOPLIST_KEY_UISupportedInterfaceOrientations_iPhone = "UIInterfaceOrientationPortrait UIInterfaceOrientationLandscapeLeft UIInterfaceOrientationLandscapeRight";
				LD_RUNPATH_SEARCH_PATHS = (
					"$(inherited)",
					"@executable_path/Frameworks",
				);
				MARKETING_VERSION = 1.0;
				PRODUCT_BUNDLE_IDENTIFIER = com.orienteering.game;
				PRODUCT_NAME = "$(TARGET_NAME)";
				SWIFT_EMIT_LOC_STRINGS = YES;
				SWIFT_VERSION = 5.0;
				TARGETED_DEVICE_FAMILY = "1,2";
			};
			name = Release;
		};
/* End XCBuildConfiguration section */

/* Begin XCConfigurationList section */
		G001 /* Build configuration list for PBXNativeTarget "OrienteeringGame" */ = {
			isa = XCConfigurationList;
			buildConfigurations = (
				I003 /* Debug */,
				I004 /* Release */,
			);
			defaultConfigurationIsVisible = 0;
			defaultConfigurationName = Release;
		};
		H002 /* Build configuration list for PBXProject "OrienteeringGame" */ = {
			isa = XCConfigurationList;
			buildConfigurations = (
				I001 /* Debug */,
				I002 /* Release */,
			);
			defaultConfigurationIsVisible = 0;
			defaultConfigurationName = Release;
		};
/* End XCConfigurationList section */
	};
	rootObject = H001 /* Project object */;
}
